
Microsoft Visual Studio Solution File, Format Version 12.00
# Visual Studio 15
VisualStudioVersion = 15.0.28307.902
MinimumVisualStudioVersion = 10.0.40219.1
Project("{2150E333-8FDC-42A3-9474-1A3956D46DE8}") = "Common", "Common", "{D3EFEC7E-1031-4492-967B-6FBD0B17A205}"
EndProject
Project("{9A19103F-16F7-4668-BE54-9A1E7A4F7556}") = "WebAppSATES.Domain", "Common\WebAppSATES.Domain\WebAppSATES.Domain.csproj", "{285A0E52-F253-484A-8E5D-C25CEF891A13}"
EndProject
Project("{2150E333-8FDC-42A3-9474-1A3956D46DE8}") = "Services", "Services", "{D52FFB64-A659-421B-B2F2-04F51A682EB9}"
EndProject
Project("{9A19103F-16F7-4668-BE54-9A1E7A4F7556}") = "WebAppSATES.DAL", "Services\WebAppSATES.DAL\WebAppSATES.DAL.csproj", "{ADB1F04B-18E4-4EDE-9CEA-33D4B3C63FE0}"
EndProject
Project("{2150E333-8FDC-42A3-9474-1A3956D46DE8}") = "Ui", "Ui", "{5D4E2154-4B91-49DF-A3D5-F2BBD87C2B7D}"
EndProject
Project("{9A19103F-16F7-4668-BE54-9A1E7A4F7556}") = "WebAppSATES", "Ui\WebAppSATES\WebAppSATES.csproj", "{170C6DDA-4047-466F-AED3-44CAB0D85AC4}"
	ProjectSection(ProjectDependencies) = postProject
		{5ECC6958-7C2E-4D74-9F58-2D7E939DDF49} = {5ECC6958-7C2E-4D74-9F58-2D7E939DDF49}
	EndProjectSection
EndProject
Project("{FAE04EC0-301F-11D3-BF4B-00C04F79EFBC}") = "WebAppSATES.Services", "WebAppSATES.Services\WebAppSATES.Services.csproj", "{90069414-2BEA-4EE2-A36D-87DD57895DE8}"
EndProject
Project("{FAE04EC0-301F-11D3-BF4B-00C04F79EFBC}") = "WebAppSATES.Interfaces", "Services\WebAppSATES.Interfaces\WebAppSATES.Interfaces.csproj", "{5ECC6958-7C2E-4D74-9F58-2D7E939DDF49}"
EndProject
Project("{FAE04EC0-301F-11D3-BF4B-00C04F79EFBC}") = "WebAppSATES.Clients", "Services\WebAppSATES.Clients\WebAppSATES.Clients.csproj", "{6903F41D-0EA6-4A96-915A-EE9A553B79E9}"
EndProject
Project("{FAE04EC0-301F-11D3-BF4B-00C04F79EFBC}") = "WebAppSATES.ServicesHosting", "WebAppSATES.ServicesHosting\WebAppSATES.ServicesHosting.csproj", "{A5D03386-B20A-46A3-9242-6F2D4CF2AEDE}"
EndProject
Global
	GlobalSection(SolutionConfigurationPlatforms) = preSolution
		Debug|Any CPU = Debug|Any CPU
		Release|Any CPU = Release|Any CPU
	EndGlobalSection
	GlobalSection(ProjectConfigurationPlatforms) = postSolution
		{285A0E52-F253-484A-8E5D-C25CEF891A13}.Debug|Any CPU.ActiveCfg = Debug|Any CPU
		{285A0E52-F253-484A-8E5D-C25CEF891A13}.Debug|Any CPU.Build.0 = Debug|Any CPU
		{285A0E52-F253-484A-8E5D-C25CEF891A13}.Release|Any CPU.ActiveCfg = Release|Any CPU
		{285A0E52-F253-484A-8E5D-C25CEF891A13}.Release|Any CPU.Build.0 = Release|Any CPU
		{ADB1F04B-18E4-4EDE-9CEA-33D4B3C63FE0}.Debug|Any CPU.ActiveCfg = Debug|Any CPU
		{ADB1F04B-18E4-4EDE-9CEA-33D4B3C63FE0}.Debug|Any CPU.Build.0 = Debug|Any CPU
		{ADB1F04B-18E4-4EDE-9CEA-33D4B3C63FE0}.Release|Any CPU.ActiveCfg = Release|Any CPU
		{ADB1F04B-18E4-4EDE-9CEA-33D4B3C63FE0}.Release|Any CPU.Build.0 = Release|Any CPU
		{170C6DDA-4047-466F-AED3-44CAB0D85AC4}.Debug|Any CPU.ActiveCfg = Debug|Any CPU
		{170C6DDA-4047-466F-AED3-44CAB0D85AC4}.Debug|Any CPU.Build.0 = Debug|Any CPU
		{170C6DDA-4047-466F-AED3-44CAB0D85AC4}.Release|Any CPU.ActiveCfg = Release|Any CPU
		{170C6DDA-4047-466F-AED3-44CAB0D85AC4}.Release|Any CPU.Build.0 = Release|Any CPU
		{90069414-2BEA-4EE2-A36D-87DD57895DE8}.Debug|Any CPU.ActiveCfg = Debug|Any CPU
		{90069414-2BEA-4EE2-A36D-87DD57895DE8}.Debug|Any CPU.Build.0 = Debug|Any CPU
		{90069414-2BEA-4EE2-A36D-87DD57895DE8}.Release|Any CPU.ActiveCfg = Release|Any CPU
		{90069414-2BEA-4EE2-A36D-87DD57895DE8}.Release|Any CPU.Build.0 = Release|Any CPU
		{5ECC6958-7C2E-4D74-9F58-2D7E939DDF49}.Debug|Any CPU.ActiveCfg = Debug|Any CPU
		{5ECC6958-7C2E-4D74-9F58-2D7E939DDF49}.Debug|Any CPU.Build.0 = Debug|Any CPU
		{5ECC6958-7C2E-4D74-9F58-2D7E939DDF49}.Release|Any CPU.ActiveCfg = Release|Any CPU
		{5ECC6958-7C2E-4D74-9F58-2D7E939DDF49}.Release|Any CPU.Build.0 = Release|Any CPU
		{6903F41D-0EA6-4A96-915A-EE9A553B79E9}.Debug|Any CPU.ActiveCfg = Debug|Any CPU
		{6903F41D-0EA6-4A96-915A-EE9A553B79E9}.Debug|Any CPU.Build.0 = Debug|Any CPU
		{6903F41D-0EA6-4A96-915A-EE9A553B79E9}.Release|Any CPU.ActiveCfg = Release|Any CPU
		{6903F41D-0EA6-4A96-915A-EE9A553B79E9}.Release|Any CPU.Build.0 = Release|Any CPU
		{A5D03386-B20A-46A3-9242-6F2D4CF2AEDE}.Debug|Any CPU.ActiveCfg = Debug|Any CPU
		{A5D03386-B20A-46A3-9242-6F2D4CF2AEDE}.Debug|Any CPU.Build.0 = Debug|Any CPU
		{A5D03386-B20A-46A3-9242-6F2D4CF2AEDE}.Release|Any CPU.ActiveCfg = Release|Any CPU
		{A5D03386-B20A-46A3-9242-6F2D4CF2AEDE}.Release|Any CPU.Build.0 = Release|Any CPU
	EndGlobalSection
	GlobalSection(SolutionProperties) = preSolution
		HideSolutionNode = FALSE
	EndGlobalSection
	GlobalSection(NestedProjects) = preSolution
		{285A0E52-F253-484A-8E5D-C25CEF891A13} = {D3EFEC7E-1031-4492-967B-6FBD0B17A205}
		{ADB1F04B-18E4-4EDE-9CEA-33D4B3C63FE0} = {D52FFB64-A659-421B-B2F2-04F51A682EB9}
		{170C6DDA-4047-466F-AED3-44CAB0D85AC4} = {5D4E2154-4B91-49DF-A3D5-F2BBD87C2B7D}
		{90069414-2BEA-4EE2-A36D-87DD57895DE8} = {D52FFB64-A659-421B-B2F2-04F51A682EB9}
		{5ECC6958-7C2E-4D74-9F58-2D7E939DDF49} = {D52FFB64-A659-421B-B2F2-04F51A682EB9}
		{6903F41D-0EA6-4A96-915A-EE9A553B79E9} = {D52FFB64-A659-421B-B2F2-04F51A682EB9}
		{A5D03386-B20A-46A3-9242-6F2D4CF2AEDE} = {D52FFB64-A659-421B-B2F2-04F51A682EB9}
	EndGlobalSection
	GlobalSection(ExtensibilityGlobals) = postSolution
		SolutionGuid = {DC350CA5-9836-4929-B524-6EFB88A037C1}
	EndGlobalSection
EndGlobal
